
Microsoft Visual Studio Solution File, Format Version 12.00
# Visual Studio Version 17
VisualStudioVersion = 17.0.31903.59
MinimumVisualStudioVersion = 10.0.40219.1
Project("{9A19103F-16F7-4668-BE54-9A1E7A4F7556}") = "Blog.Api", "Blog.Api\Blog.Api.csproj", "{7F60C8ED-1E55-40F8-8F70-C42BE45689D2}"
EndProject
Project("{9A19103F-16F7-4668-BE54-9A1E7A4F7556}") = "Blog.Application", "Blog.Application\Blog.Application.csproj", "{FD212D9A-41FE-4470-A27F-9816B3DDFB93}"
EndProject
Project("{9A19103F-16F7-4668-BE54-9A1E7A4F7556}") = "Blog.Core", "Blog.Core\Blog.Core.csproj", "{8A237E9F-38B8-4C0A-B4E3-75A4FC09626F}"
EndProject
Project("{9A19103F-16F7-4668-BE54-9A1E7A4F7556}") = "Blog.Infrastructure", "Blog.Infrastructure\Blog.Infrastructure.csproj", "{3C32E41B-C419-47B9-BD4C-FB284185BC9A}"
EndProject
Project("{9A19103F-16F7-4668-BE54-9A1E7A4F7556}") = "Blog.UnitTests", "Blog.UnitTests\Blog.UnitTests.csproj", "{123B4D22-1EED-40D0-AD93-7C7D539BB5C5}"
EndProject
Project("{2150E333-8FDC-42A3-9474-1A3956D46DE8}") = "Itens de Solução", "Itens de Solução", "{77BBE751-1E08-4F47-B94F-1FFA060C33EF}"
	ProjectSection(SolutionItems) = preProject
		README.md = README.md
	EndProjectSection
EndProject
Global
	GlobalSection(SolutionConfigurationPlatforms) = preSolution
		Debug|Any CPU = Debug|Any CPU
		Release|Any CPU = Release|Any CPU
	EndGlobalSection
	GlobalSection(ProjectConfigurationPlatforms) = postSolution
		{7F60C8ED-1E55-40F8-8F70-C42BE45689D2}.Debug|Any CPU.ActiveCfg = Debug|Any CPU
		{7F60C8ED-1E55-40F8-8F70-C42BE45689D2}.Debug|Any CPU.Build.0 = Debug|Any CPU
		{7F60C8ED-1E55-40F8-8F70-C42BE45689D2}.Release|Any CPU.ActiveCfg = Release|Any CPU
		{7F60C8ED-1E55-40F8-8F70-C42BE45689D2}.Release|Any CPU.Build.0 = Release|Any CPU
		{FD212D9A-41FE-4470-A27F-9816B3DDFB93}.Debug|Any CPU.ActiveCfg = Debug|Any CPU
		{FD212D9A-41FE-4470-A27F-9816B3DDFB93}.Debug|Any CPU.Build.0 = Debug|Any CPU
		{FD212D9A-41FE-4470-A27F-9816B3DDFB93}.Release|Any CPU.ActiveCfg = Release|Any CPU
		{FD212D9A-41FE-4470-A27F-9816B3DDFB93}.Release|Any CPU.Build.0 = Release|Any CPU
		{8A237E9F-38B8-4C0A-B4E3-75A4FC09626F}.Debug|Any CPU.ActiveCfg = Debug|Any CPU
		{8A237E9F-38B8-4C0A-B4E3-75A4FC09626F}.Debug|Any CPU.Build.0 = Debug|Any CPU
		{8A237E9F-38B8-4C0A-B4E3-75A4FC09626F}.Release|Any CPU.ActiveCfg = Release|Any CPU
		{8A237E9F-38B8-4C0A-B4E3-75A4FC09626F}.Release|Any CPU.Build.0 = Release|Any CPU
		{3C32E41B-C419-47B9-BD4C-FB284185BC9A}.Debug|Any CPU.ActiveCfg = Debug|Any CPU
		{3C32E41B-C419-47B9-BD4C-FB284185BC9A}.Debug|Any CPU.Build.0 = Debug|Any CPU
		{3C32E41B-C419-47B9-BD4C-FB284185BC9A}.Release|Any CPU.ActiveCfg = Release|Any CPU
		{3C32E41B-C419-47B9-BD4C-FB284185BC9A}.Release|Any CPU.Build.0 = Release|Any CPU
		{123B4D22-1EED-40D0-AD93-7C7D539BB5C5}.Debug|Any CPU.ActiveCfg = Debug|Any CPU
		{123B4D22-1EED-40D0-AD93-7C7D539BB5C5}.Debug|Any CPU.Build.0 = Debug|Any CPU
		{123B4D22-1EED-40D0-AD93-7C7D539BB5C5}.Release|Any CPU.ActiveCfg = Release|Any CPU
		{123B4D22-1EED-40D0-AD93-7C7D539BB5C5}.Release|Any CPU.Build.0 = Release|Any CPU
	EndGlobalSection
	GlobalSection(SolutionProperties) = preSolution
		HideSolutionNode = FALSE
	EndGlobalSection
	GlobalSection(ExtensibilityGlobals) = postSolution
		SolutionGuid = {6BE03C70-605D-4119-8DDA-9302FAF3618A}
	EndGlobalSection
EndGlobal
